
Microsoft Visual Studio Solution File, Format Version 12.00
# Visual Studio Version 17
VisualStudioVersion = 17.0.31903.59
MinimumVisualStudioVersion = 10.0.40219.1
Project("{2150E333-8FDC-42A3-9474-1A3956D46DE8}") = "src", "src", "{A6B9DACC-8020-4149-8E68-4D93801735CC}"
EndProject
Project("{FAE04EC0-301F-11D3-BF4B-00C04F79EFBC}") = "WinUpdateChecker.Core", "src\WinUpdateChecker.Core\WinUpdateChecker.Core.csproj", "{18E506C2-E61E-4040-9E77-D257CEA0A913}"
EndProject
Project("{FAE04EC0-301F-11D3-BF4B-00C04F79EFBC}") = "WinUpdateChecker.App", "src\WinUpdateChecker.App\WinUpdateChecker.App.csproj", "{02A23E4F-736B-477D-B872-A9463160D2DA}"
EndProject
Project("{2150E333-8FDC-42A3-9474-1A3956D46DE8}") = "tests", "tests", "{DE9EE5DA-D85F-4946-99AB-64B257F9BC6B}"
EndProject
Project("{FAE04EC0-301F-11D3-BF4B-00C04F79EFBC}") = "WinUpdateChecker.Core.Tests", "tests\WinUpdateChecker.Core.Tests\WinUpdateChecker.Core.Tests.csproj", "{F86DA46A-BDA7-49D6-A8BA-11D5E8186E8D}"
EndProject
Project("{FAE04EC0-301F-11D3-BF4B-00C04F79EFBC}") = "WinUpdateChecker.App.Tests", "tests\WinUpdateChecker.App.Tests\WinUpdateChecker.App.Tests.csproj", "{227857F2-4481-4683-81FA-DC07601B9BEE}"
EndProject
Global
	GlobalSection(SolutionConfigurationPlatforms) = preSolution
		Debug|Any CPU = Debug|Any CPU
		Release|Any CPU = Release|Any CPU
	EndGlobalSection
	GlobalSection(SolutionProperties) = preSolution
		HideSolutionNode = FALSE
	EndGlobalSection
	GlobalSection(ProjectConfigurationPlatforms) = postSolution
		{18E506C2-E61E-4040-9E77-D257CEA0A913}.Debug|Any CPU.ActiveCfg = Debug|Any CPU
		{18E506C2-E61E-4040-9E77-D257CEA0A913}.Debug|Any CPU.Build.0 = Debug|Any CPU
		{18E506C2-E61E-4040-9E77-D257CEA0A913}.Release|Any CPU.ActiveCfg = Release|Any CPU
		{18E506C2-E61E-4040-9E77-D257CEA0A913}.Release|Any CPU.Build.0 = Release|Any CPU
		{02A23E4F-736B-477D-B872-A9463160D2DA}.Debug|Any CPU.ActiveCfg = Debug|Any CPU
		{02A23E4F-736B-477D-B872-A9463160D2DA}.Debug|Any CPU.Build.0 = Debug|Any CPU
		{02A23E4F-736B-477D-B872-A9463160D2DA}.Release|Any CPU.ActiveCfg = Release|Any CPU
		{02A23E4F-736B-477D-B872-A9463160D2DA}.Release|Any CPU.Build.0 = Release|Any CPU
		{F86DA46A-BDA7-49D6-A8BA-11D5E8186E8D}.Debug|Any CPU.ActiveCfg = Debug|Any CPU
		{F86DA46A-BDA7-49D6-A8BA-11D5E8186E8D}.Debug|Any CPU.Build.0 = Debug|Any CPU
		{F86DA46A-BDA7-49D6-A8BA-11D5E8186E8D}.Release|Any CPU.ActiveCfg = Release|Any CPU
		{F86DA46A-BDA7-49D6-A8BA-11D5E8186E8D}.Release|Any CPU.Build.0 = Release|Any CPU
		{227857F2-4481-4683-81FA-DC07601B9BEE}.Debug|Any CPU.ActiveCfg = Debug|Any CPU
		{227857F2-4481-4683-81FA-DC07601B9BEE}.Debug|Any CPU.Build.0 = Debug|Any CPU
		{227857F2-4481-4683-81FA-DC07601B9BEE}.Release|Any CPU.ActiveCfg = Release|Any CPU
		{227857F2-4481-4683-81FA-DC07601B9BEE}.Release|Any CPU.Build.0 = Release|Any CPU
	EndGlobalSection
	GlobalSection(NestedProjects) = preSolution
		{18E506C2-E61E-4040-9E77-D257CEA0A913} = {A6B9DACC-8020-4149-8E68-4D93801735CC}
		{02A23E4F-736B-477D-B872-A9463160D2DA} = {A6B9DACC-8020-4149-8E68-4D93801735CC}
		{F86DA46A-BDA7-49D6-A8BA-11D5E8186E8D} = {DE9EE5DA-D85F-4946-99AB-64B257F9BC6B}
		{227857F2-4481-4683-81FA-DC07601B9BEE} = {DE9EE5DA-D85F-4946-99AB-64B257F9BC6B}
	EndGlobalSection
EndGlobal
